
Microsoft Visual Studio Solution File, Format Version 12.00
# Visual Studio 14
VisualStudioVersion = 14.0.25420.1
MinimumVisualStudioVersion = 10.0.40219.1
Project("{8BC9CEB8-8B4A-11D0-8D11-00A0C91BC942}") = "0001 TwoSum", "0001 TwoSum\0001 TwoSum.vcxproj", "{0DA83F29-7ED2-403E-B894-09931AE9C136}"
EndProject
Project("{8BC9CEB8-8B4A-11D0-8D11-00A0C91BC942}") = "0002 AddTwoNumbers", "0002 AddTwoNumbers\0002 AddTwoNumbers.vcxproj", "{484923D2-F14E-4F95-BDB8-9B046E0B9940}"
EndProject
Project("{8BC9CEB8-8B4A-11D0-8D11-00A0C91BC942}") = "0003 LongestSubstringWithoutRepeatingCharacters", "0003 LongestSubstringWithoutRepeatingCharacters\0003 LongestSubstringWithoutRepeatingCharacters.vcxproj", "{E80AC7F4-5E6E-4324-89A8-60C6896F6EED}"
EndProject
Project("{8BC9CEB8-8B4A-11D0-8D11-00A0C91BC942}") = "0004 MedianofTwoSortedArrays", "0004 MedianofTwoSortedArrays\0004 MedianofTwoSortedArrays.vcxproj", "{CD71D638-02C1-4FDC-9652-2C31DED40D30}"
EndProject
Project("{8BC9CEB8-8B4A-11D0-8D11-00A0C91BC942}") = "0005 LongestPalindromicSubstring", "0005 LongestPalindromicSubstring\0005 LongestPalindromicSubstring.vcxproj", "{AC6DA421-5B5F-4FCF-A40B-39B4A4C7FD23}"
EndProject
Project("{8BC9CEB8-8B4A-11D0-8D11-00A0C91BC942}") = "0006 ZigZagConversion", "0006 ZigZagConversion\0006 ZigZagConversion.vcxproj", "{7D2A653E-B89A-443C-B1EE-B7A6A5BC8967}"
EndProject
Project("{8BC9CEB8-8B4A-11D0-8D11-00A0C91BC942}") = "0007 ReverseInteger", "0007 ReverseInteger\0007 ReverseInteger.vcxproj", "{87931DE5-508A-415C-BA41-B6C6127E33A5}"
EndProject
Project("{8BC9CEB8-8B4A-11D0-8D11-00A0C91BC942}") = "0008 StringToInteger(atoi)", "0008 StringToInteger(atoi)\0008 StringToInteger(atoi).vcxproj", "{2A221583-6F15-4AD5-8B53-006C11746EB3}"
EndProject
Project("{8BC9CEB8-8B4A-11D0-8D11-00A0C91BC942}") = "0009 PalindromeNumber", "0009 PalindromeNumber\0009 PalindromeNumber.vcxproj", "{9EB71971-3247-4D23-9F1E-55261836841F}"
EndProject
Project("{8BC9CEB8-8B4A-11D0-8D11-00A0C91BC942}") = "0010 RegularExpressionMatching", "0010 RegularExpressionMatching\0010 RegularExpressionMatching.vcxproj", "{63245DF7-4599-4D7E-83D8-A18BB3CF7BB1}"
EndProject
Project("{8BC9CEB8-8B4A-11D0-8D11-00A0C91BC942}") = "0011 ContainerWithMostWater", "0011 ContainerWithMostWater\0011 ContainerWithMostWater.vcxproj", "{D88186AF-C4AF-4DB7-85F4-C7685F85763C}"
EndProject
Project("{8BC9CEB8-8B4A-11D0-8D11-00A0C91BC942}") = "0012 IntegerToRoman", "0012 IntegerToRoman\0012 IntegerToRoman.vcxproj", "{9F6352E0-F441-4C23-A894-8482AB70D545}"
EndProject
Project("{8BC9CEB8-8B4A-11D0-8D11-00A0C91BC942}") = "0015 3Sum", "0015 3Sum\0015 3Sum.vcxproj", "{768DD711-00ED-4511-8225-39F8486B578E}"
EndProject
Project("{8BC9CEB8-8B4A-11D0-8D11-00A0C91BC942}") = "0016 3SumClosest", "0016 3SumClosest\0016 3SumClosest.vcxproj", "{3E26C6B7-40D3-4D17-BA97-1970D5B91283}"
EndProject
Project("{8BC9CEB8-8B4A-11D0-8D11-00A0C91BC942}") = "0018 4Sum", "0018 4Sum\0018 4Sum.vcxproj", "{B77E0154-48BB-493A-83E5-E444EDC77047}"
EndProject
Project("{8BC9CEB8-8B4A-11D0-8D11-00A0C91BC942}") = "0023 MergeKSortedLists", "0023 MergeKSortedLists\0023 MergeKSortedLists.vcxproj", "{0B509310-8501-4AA3-9F31-D34D217F71BA}"
EndProject
Project("{8BC9CEB8-8B4A-11D0-8D11-00A0C91BC942}") = "0024 SwapNodesInPairs", "0024 SwapNodesInPairs\0024 SwapNodesInPairs.vcxproj", "{B5BABE51-EFB0-436D-B9C6-F0842EC762D0}"
EndProject
Project("{8BC9CEB8-8B4A-11D0-8D11-00A0C91BC942}") = "0035 SearchInsertPosition", "0035 SearchInsertPosition\0035 SearchInsertPosition.vcxproj", "{7F941B92-C992-44FF-8D87-267B430CB516}"
EndProject
Project("{8BC9CEB8-8B4A-11D0-8D11-00A0C91BC942}") = "0025 ReverseNodeInK-Group", "0025 ReverseNodeInK-Group\0025 ReverseNodeInK-Group.vcxproj", "{5DCF2E82-5C36-436C-9097-94A0D3BE4D49}"
EndProject
Project("{8BC9CEB8-8B4A-11D0-8D11-00A0C91BC942}") = "0029 DivideTwoIntegers", "0029 DivideTwoIntegers\0029 DivideTwoIntegers.vcxproj", "{BF3AD10F-8F5F-4692-B7F1-27628ACE592E}"
EndProject
Project("{8BC9CEB8-8B4A-11D0-8D11-00A0C91BC942}") = "0031 NextPermutation", "0031 NextPermutation\0031 NextPermutation.vcxproj", "{DE2029A6-9328-4089-8985-D5566ADA7D4D}"
EndProject
Project("{8BC9CEB8-8B4A-11D0-8D11-00A0C91BC942}") = "0033 SearchInRotatedSortedArray", "0033 SearchInRotatedSortedArray\0033 SearchInRotatedSortedArray.vcxproj", "{79F4C1C7-3724-4B66-A7D0-69E1ED8826D6}"
EndProject
Project("{8BC9CEB8-8B4A-11D0-8D11-00A0C91BC942}") = "0034 SearchForARange", "0034 SearchForARange\0034 SearchForARange.vcxproj", "{177749A3-CC22-4476-BB75-E9FC58607F21}"
EndProject
Project("{8BC9CEB8-8B4A-11D0-8D11-00A0C91BC942}") = "0039 CombinationSum", "0039 CombinationSum\0039 CombinationSum.vcxproj", "{373B43ED-5B9D-43BE-AC58-397509E70523}"
EndProject
Project("{8BC9CEB8-8B4A-11D0-8D11-00A0C91BC942}") = "0040 CombinationSumII", "0040 CombinationSumII\0040 CombinationSumII.vcxproj", "{9251FD8E-99A0-4028-A704-79DFC6193532}"
EndProject
Project("{8BC9CEB8-8B4A-11D0-8D11-00A0C91BC942}") = "0041 FirstMissingPositive", "0041 FirstMissingPositive\0041 FirstMissingPositive.vcxproj", "{44F9F376-BCD0-48EA-8790-5C79784EFFFE}"
EndProject
Project("{8BC9CEB8-8B4A-11D0-8D11-00A0C91BC942}") = "0044 WildcardMatching", "0044 WildcardMatching\0044 WildcardMatching.vcxproj", "{EC87E1B2-2265-429C-B14E-D70FCDCF1AAF}"
EndProject
Project("{8BC9CEB8-8B4A-11D0-8D11-00A0C91BC942}") = "0045 JumpGameII", "0045 JumpGameII\0045 JumpGameII.vcxproj", "{88A68EEB-036E-4B2E-959E-8EB47B454E07}"
EndProject
Project("{8BC9CEB8-8B4A-11D0-8D11-00A0C91BC942}") = "0046 Permutations", "0046 Permutations\0046 Permutations.vcxproj", "{3BE2C3CD-0A43-4A0E-BA02-07CE2BC9BACD}"
EndProject
Project("{8BC9CEB8-8B4A-11D0-8D11-00A0C91BC942}") = "0048 RotateImage", "0048 RotateImage\0048 RotateImage.vcxproj", "{C07AE447-9F9B-4070-9C60-50B04889008F}"
EndProject
Project("{8BC9CEB8-8B4A-11D0-8D11-00A0C91BC942}") = "0050 Power(x, n)", "0050 Power(x, n)\0050 Power(x, n).vcxproj", "{A37B49CC-699E-46A2-AC80-1354AC383853}"
EndProject
Project("{8BC9CEB8-8B4A-11D0-8D11-00A0C91BC942}") = "0054 SpiralMatrix", "0054 SpiralMatrix\0054 SpiralMatrix.vcxproj", "{81E0CF77-E62C-41AA-BC29-8DCBBAF7A3B0}"
EndProject
Project("{8BC9CEB8-8B4A-11D0-8D11-00A0C91BC942}") = "0055 JumpGame", "0055 JumpGame\0055 JumpGame.vcxproj", "{7CFD6FA1-E5B0-4F64-A9E8-4F4546A4F65C}"
EndProject
Project("{8BC9CEB8-8B4A-11D0-8D11-00A0C91BC942}") = "0057 InsertInterval", "0057 InsertInterval\0057 InsertInterval.vcxproj", "{DEF3C94B-704D-442F-B21E-6D8E519FD08C}"
EndProject
Project("{8BC9CEB8-8B4A-11D0-8D11-00A0C91BC942}") = "0059 SpiralMatrixII", "0059 SpiralMatrixII\0059 SpiralMatrixII.vcxproj", "{A4244084-9D0F-46F2-9EDE-2FE1E1907F2D}"
EndProject
Project("{8BC9CEB8-8B4A-11D0-8D11-00A0C91BC942}") = "0060 PermutationSequence", "0060 PermutationSequence\0060 PermutationSequence.vcxproj", "{85F85C92-E18E-4A97-B328-2513CFCCC2B3}"
EndProject
Project("{8BC9CEB8-8B4A-11D0-8D11-00A0C91BC942}") = "0061 RotateList", "0061 RotateList\0061 RotateList.vcxproj", "{14CB58FA-8537-482F-96B0-458542DC49D7}"
EndProject
Project("{8BC9CEB8-8B4A-11D0-8D11-00A0C91BC942}") = "0062 UniquePaths", "0062 UniquePaths\0062 UniquePaths.vcxproj", "{0745CC18-814D-4E48-AE24-08119FDC5961}"
EndProject
Project("{8BC9CEB8-8B4A-11D0-8D11-00A0C91BC942}") = "0063 UniquePathsII", "0063 UniquePathsII\0063 UniquePathsII.vcxproj", "{0B350F5C-5A82-491D-A3CF-DD99E60272DD}"
EndProject
Project("{8BC9CEB8-8B4A-11D0-8D11-00A0C91BC942}") = "0064 MinimumPathSum", "0064 MinimumPathSum\0064 MinimumPathSum.vcxproj", "{E7F905DB-FBD1-4D80-93FA-02406BECC130}"
EndProject
Project("{8BC9CEB8-8B4A-11D0-8D11-00A0C91BC942}") = "0065 ValidNumber", "0065 ValidNumber\0065 ValidNumber.vcxproj", "{847B1CF6-B737-496B-98B3-6560DD1B52CD}"
EndProject
Project("{8BC9CEB8-8B4A-11D0-8D11-00A0C91BC942}") = "0069 Sqrt(x)", "0069 Sqrt(x)\0069 Sqrt(x).vcxproj", "{35944423-5251-408F-8E1E-A3C75D43B12B}"
EndProject
Project("{8BC9CEB8-8B4A-11D0-8D11-00A0C91BC942}") = "0073 SetMatrixZeroes", "0073 SetMatrixZeroes\0073 SetMatrixZeroes.vcxproj", "{CC1BA890-4FE8-4104-ADDA-BA5302A46F1E}"
EndProject
Project("{8BC9CEB8-8B4A-11D0-8D11-00A0C91BC942}") = "0074 SearchA2DMatrix", "0074 SearchA2DMatrix\0074 SearchA2DMatrix.vcxproj", "{41945C79-ADC4-4B06-A3EF-006C8BF684F6}"
EndProject
Project("{8BC9CEB8-8B4A-11D0-8D11-00A0C91BC942}") = "0075 SortColor", "0075 SortColor\0075 SortColor.vcxproj", "{A56CC07C-5540-4412-8761-31D5DF6A8740}"
EndProject
Project("{8BC9CEB8-8B4A-11D0-8D11-00A0C91BC942}") = "0078 SubSet", "0078 SubSet\0078 SubSet.vcxproj", "{5EF9CCD1-10F9-4213-A790-D5A8BA83DFF0}"
EndProject
Project("{8BC9CEB8-8B4A-11D0-8D11-00A0C91BC942}") = "0079 WordSearch", "0079 WordSearch\0079 WordSearch.vcxproj", "{DE95909F-C0C5-48BB-AEEE-6239C519D444}"
EndProject
Project("{8BC9CEB8-8B4A-11D0-8D11-00A0C91BC942}") = "0080 RemoveDuplicatesfromSortedArrayII", "0080 RemoveDuplicatesfromSortedArrayII\0080 RemoveDuplicatesfromSortedArrayII.vcxproj", "{5898BAC0-D3AA-4AC3-8AC6-0443BF54F7BA}"
EndProject
Project("{8BC9CEB8-8B4A-11D0-8D11-00A0C91BC942}") = "0081 SearchInRotatedSortedArrayII", "0081 SearchInRotatedSortedArrayII\0081 SearchInRotatedSortedArrayII.vcxproj", "{BDF770F3-7B82-4DC2-B38F-E0F5D68ED3F6}"
EndProject
Project("{8BC9CEB8-8B4A-11D0-8D11-00A0C91BC942}") = "0082 RemoveDuplicatesFromSortedListII", "0082 RemoveDuplicatesFromSortedListII\0082 RemoveDuplicatesFromSortedListII.vcxproj", "{FC943968-2093-4186-982F-B5CDB9575BD7}"
EndProject
Project("{8BC9CEB8-8B4A-11D0-8D11-00A0C91BC942}") = "0084 LargestRectangleInHistogram", "0084 LargestRectangleInHistogram\0084 LargestRectangleInHistogram.vcxproj", "{6E0BF43A-1B08-4C1B-8D5C-FC6E0CBED420}"
EndProject
Project("{8BC9CEB8-8B4A-11D0-8D11-00A0C91BC942}") = "0086 PartitionList", "0086 PartitionList\0086 PartitionList.vcxproj", "{C720508C-6815-4C3B-A984-F0FB7E722F07}"
EndProject
Project("{8BC9CEB8-8B4A-11D0-8D11-00A0C91BC942}") = "0090 SubSetII", "0090 SubSetII\0090 SubSetII.vcxproj", "{11559842-9B19-40EB-82F6-94E0A03E41E5}"
EndProject
Project("{8BC9CEB8-8B4A-11D0-8D11-00A0C91BC942}") = "0092 ReverseLinkedListII", "0092 ReverseLinkedListII\0092 ReverseLinkedListII.vcxproj", "{9D41C3F7-724E-4693-A6A1-2846B7434854}"
EndProject
Project("{8BC9CEB8-8B4A-11D0-8D11-00A0C91BC942}") = "0105 ConstructBinaryTreefromPreAndInTraversal", "0105 ConstructBinaryTreefromPreAndInTraversal\0105 ConstructBinaryTreefromPreAndInTraversal.vcxproj", "{781902E0-8192-4795-8D47-F5CC1A869C3D}"
EndProject
Project("{8BC9CEB8-8B4A-11D0-8D11-00A0C91BC942}") = "0106 ConstructBinaryTreefromInAndPostTraversal", "0106 ConstructBinaryTreefromInAndPostTraversal\0106 ConstructBinaryTreefromInAndPostTraversal.vcxproj", "{AC7235AB-B5AC-4F94-A254-1607BCF376A3}"
EndProject
Project("{8BC9CEB8-8B4A-11D0-8D11-00A0C91BC942}") = "0109 ConvertSortedListToBinarySearchTree", "0109 ConvertSortedListToBinarySearchTree\0109 ConvertSortedListToBinarySearchTree.vcxproj", "{2BE12867-FC6E-4C3E-B4FE-CAFBD6478A57}"
EndProject
Project("{8BC9CEB8-8B4A-11D0-8D11-00A0C91BC942}") = "0120 Triangle", "0120 Triangle\0120 Triangle.vcxproj", "{474D4F17-1A31-4AD5-A7C7-DC057E72A4AE}"
EndProject
Project("{8BC9CEB8-8B4A-11D0-8D11-00A0C91BC942}") = "0121 BestTimeToBuyAndSellStock", "0121 BestTimeToBuyAndSellStock\0121 BestTimeToBuyAndSellStock.vcxproj", "{C42A1CC3-B7B9-45C8-BCCA-A165F5C4DF58}"
EndProject
Project("{8BC9CEB8-8B4A-11D0-8D11-00A0C91BC942}") = "0122 BestTimeToBuyAndSellStockII", "0122 BestTimeToBuyAndSellStockII\0122 BestTimeToBuyAndSellStockII.vcxproj", "{96619845-EAFA-4464-9809-2A50547793BE}"
EndProject
Project("{8BC9CEB8-8B4A-11D0-8D11-00A0C91BC942}") = "0123 BestTimeToBuyAndSellStockIII", "0123 BestTimeToBuyAndSellStockIII\0123 BestTimeToBuyAndSellStockIII.vcxproj", "{D625AE7A-E5F6-4A06-A1FB-0A272808AF63}"
EndProject
Project("{8BC9CEB8-8B4A-11D0-8D11-00A0C91BC942}") = "0128 LongestConsecutiveSequence", "0128 LongestConsecutiveSequence\0128 LongestConsecutiveSequence.vcxproj", "{9A5EC9EB-D9C3-45EF-914E-D2C54D7AA793}"
EndProject
Project("{8BC9CEB8-8B4A-11D0-8D11-00A0C91BC942}") = "0138 CopyListWithRandomPointer", "0138 CopyListWithRandomPointer\0138 CopyListWithRandomPointer.vcxproj", "{C20E053A-5E39-46E1-A591-EFDA1133A164}"
EndProject
Project("{8BC9CEB8-8B4A-11D0-8D11-00A0C91BC942}") = "0141 LinkedListCycle", "0141 LinkedListCycle\0141 LinkedListCycle.vcxproj", "{23EB6888-6647-4BFF-8433-96EB6E22BAB3}"
EndProject
Project("{8BC9CEB8-8B4A-11D0-8D11-00A0C91BC942}") = "0142 LinkedListCycleII", "0142 LinkedListCycleII\0142 LinkedListCycleII.vcxproj", "{EB5E3937-5ADA-4B68-B2C1-C6BDA21D6360}"
EndProject
Project("{8BC9CEB8-8B4A-11D0-8D11-00A0C91BC942}") = "0143 ReorderList", "0143 ReorderList\0143 ReorderList.vcxproj", "{1EFFB731-266B-4A83-8836-B72A73B38C82}"
EndProject
Project("{8BC9CEB8-8B4A-11D0-8D11-00A0C91BC942}") = "0147 InsertionSortList", "0147 InsertionSortList\0147 InsertionSortList.vcxproj", "{1CA324DA-7853-4442-9197-31E4F4E5420D}"
EndProject
Project("{8BC9CEB8-8B4A-11D0-8D11-00A0C91BC942}") = "0148 SortList", "0148 SortList\0148 SortList.vcxproj", "{E5DB8D9D-9F97-4F48-8ABA-57730368DEE4}"
EndProject
Project("{8BC9CEB8-8B4A-11D0-8D11-00A0C91BC942}") = "0153 FindMinimumInRotatedSortedArray", "0153 FindMinimumInRotatedSortedArray\0153 FindMinimumInRotatedSortedArray.vcxproj", "{B94DF019-F671-4804-9A19-9C72FC3AC058}"
EndProject
Project("{8BC9CEB8-8B4A-11D0-8D11-00A0C91BC942}") = "0154 FindMinimumInRotatedSortedArrayII", "0154 FindMinimumInRotatedSortedArrayII\0154 FindMinimumInRotatedSortedArrayII.vcxproj", "{61E632DB-8E1F-4AE0-B201-9456C885ACE9}"
EndProject
Project("{8BC9CEB8-8B4A-11D0-8D11-00A0C91BC942}") = "0162 FindPeakElement", "0162 FindPeakElement\0162 FindPeakElement.vcxproj", "{57B4B802-6648-4905-9552-CA4DF8E09F08}"
EndProject
Project("{8BC9CEB8-8B4A-11D0-8D11-00A0C91BC942}") = "0209 MinimumSizeSubarraySum", "0209 MinimumSizeSubarraySum\0209 MinimumSizeSubarraySum.vcxproj", "{7092F5D9-1334-4860-8D78-8B788569373A}"
EndProject
Project("{8BC9CEB8-8B4A-11D0-8D11-00A0C91BC942}") = "0212 WordSearch", "0212 WordSearch\0212 WordSearch.vcxproj", "{78C87F05-7B7C-4E7F-8575-23C06D65483F}"
EndProject
Project("{8BC9CEB8-8B4A-11D0-8D11-00A0C91BC942}") = "0216 CombinationSumIII", "0216 CombinationSumIII\0216 CombinationSumIII.vcxproj", "{B5FBACDD-F37B-4EDF-A754-F6FDBEF1230C}"
EndProject
Project("{8BC9CEB8-8B4A-11D0-8D11-00A0C91BC942}") = "0224 BasicCalculator", "0224 BasicCalculator\0224 BasicCalculator.vcxproj", "{F14D97CE-21DA-40AD-B464-3CCDAC096098}"
EndProject
Project("{8BC9CEB8-8B4A-11D0-8D11-00A0C91BC942}") = "0229 MajorityElementII", "0229 MajorityElementII\0229 MajorityElementII.vcxproj", "{AF73995D-F011-4F6F-8670-4F524D135A5F}"
EndProject
Project("{8BC9CEB8-8B4A-11D0-8D11-00A0C91BC942}") = "0233 NumberofDigitOne", "0233 NumberofDigitOne\0233 NumberofDigitOne.vcxproj", "{E4E00369-1D25-48F6-A179-8367901EEF6A}"
EndProject
Project("{8BC9CEB8-8B4A-11D0-8D11-00A0C91BC942}") = "0238 ProductOfArrayExceptSelf", "0238 ProductOfArrayExceptSelf\0238 ProductOfArrayExceptSelf.vcxproj", "{BC5EA36E-49E9-4ED6-A082-F964BB72610E}"
EndProject
Global
	GlobalSection(SolutionConfigurationPlatforms) = preSolution
		Debug|x64 = Debug|x64
		Debug|x86 = Debug|x86
		Release|x64 = Release|x64
		Release|x86 = Release|x86
	EndGlobalSection
	GlobalSection(ProjectConfigurationPlatforms) = postSolution
		{0DA83F29-7ED2-403E-B894-09931AE9C136}.Debug|x64.ActiveCfg = Debug|Win32
		{0DA83F29-7ED2-403E-B894-09931AE9C136}.Debug|x86.ActiveCfg = Debug|Win32
		{0DA83F29-7ED2-403E-B894-09931AE9C136}.Debug|x86.Build.0 = Debug|Win32
		{0DA83F29-7ED2-403E-B894-09931AE9C136}.Release|x64.ActiveCfg = Release|Win32
		{0DA83F29-7ED2-403E-B894-09931AE9C136}.Release|x86.ActiveCfg = Release|Win32
		{0DA83F29-7ED2-403E-B894-09931AE9C136}.Release|x86.Build.0 = Release|Win32
		{484923D2-F14E-4F95-BDB8-9B046E0B9940}.Debug|x64.ActiveCfg = Debug|Win32
		{484923D2-F14E-4F95-BDB8-9B046E0B9940}.Debug|x86.ActiveCfg = Debug|Win32
		{484923D2-F14E-4F95-BDB8-9B046E0B9940}.Debug|x86.Build.0 = Debug|Win32
		{484923D2-F14E-4F95-BDB8-9B046E0B9940}.Release|x64.ActiveCfg = Release|Win32
		{484923D2-F14E-4F95-BDB8-9B046E0B9940}.Release|x86.ActiveCfg = Release|Win32
		{484923D2-F14E-4F95-BDB8-9B046E0B9940}.Release|x86.Build.0 = Release|Win32
		{E80AC7F4-5E6E-4324-89A8-60C6896F6EED}.Debug|x64.ActiveCfg = Debug|Win32
		{E80AC7F4-5E6E-4324-89A8-60C6896F6EED}.Debug|x86.ActiveCfg = Debug|Win32
		{E80AC7F4-5E6E-4324-89A8-60C6896F6EED}.Debug|x86.Build.0 = Debug|Win32
		{E80AC7F4-5E6E-4324-89A8-60C6896F6EED}.Release|x64.ActiveCfg = Release|Win32
		{E80AC7F4-5E6E-4324-89A8-60C6896F6EED}.Release|x86.ActiveCfg = Release|Win32
		{E80AC7F4-5E6E-4324-89A8-60C6896F6EED}.Release|x86.Build.0 = Release|Win32
		{CD71D638-02C1-4FDC-9652-2C31DED40D30}.Debug|x64.ActiveCfg = Debug|Win32
		{CD71D638-02C1-4FDC-9652-2C31DED40D30}.Debug|x86.ActiveCfg = Debug|Win32
		{CD71D638-02C1-4FDC-9652-2C31DED40D30}.Debug|x86.Build.0 = Debug|Win32
		{CD71D638-02C1-4FDC-9652-2C31DED40D30}.Release|x64.ActiveCfg = Release|Win32
		{CD71D638-02C1-4FDC-9652-2C31DED40D30}.Release|x86.ActiveCfg = Release|Win32
		{CD71D638-02C1-4FDC-9652-2C31DED40D30}.Release|x86.Build.0 = Release|Win32
		{AC6DA421-5B5F-4FCF-A40B-39B4A4C7FD23}.Debug|x64.ActiveCfg = Debug|Win32
		{AC6DA421-5B5F-4FCF-A40B-39B4A4C7FD23}.Debug|x86.ActiveCfg = Debug|Win32
		{AC6DA421-5B5F-4FCF-A40B-39B4A4C7FD23}.Debug|x86.Build.0 = Debug|Win32
		{AC6DA421-5B5F-4FCF-A40B-39B4A4C7FD23}.Release|x64.ActiveCfg = Release|Win32
		{AC6DA421-5B5F-4FCF-A40B-39B4A4C7FD23}.Release|x86.ActiveCfg = Release|Win32
		{AC6DA421-5B5F-4FCF-A40B-39B4A4C7FD23}.Release|x86.Build.0 = Release|Win32
		{7D2A653E-B89A-443C-B1EE-B7A6A5BC8967}.Debug|x64.ActiveCfg = Debug|Win32
		{7D2A653E-B89A-443C-B1EE-B7A6A5BC8967}.Debug|x86.ActiveCfg = Debug|Win32
		{7D2A653E-B89A-443C-B1EE-B7A6A5BC8967}.Debug|x86.Build.0 = Debug|Win32
		{7D2A653E-B89A-443C-B1EE-B7A6A5BC8967}.Release|x64.ActiveCfg = Release|Win32
		{7D2A653E-B89A-443C-B1EE-B7A6A5BC8967}.Release|x86.ActiveCfg = Release|Win32
		{7D2A653E-B89A-443C-B1EE-B7A6A5BC8967}.Release|x86.Build.0 = Release|Win32
		{87931DE5-508A-415C-BA41-B6C6127E33A5}.Debug|x64.ActiveCfg = Debug|Win32
		{87931DE5-508A-415C-BA41-B6C6127E33A5}.Debug|x86.ActiveCfg = Debug|Win32
		{87931DE5-508A-415C-BA41-B6C6127E33A5}.Debug|x86.Build.0 = Debug|Win32
		{87931DE5-508A-415C-BA41-B6C6127E33A5}.Release|x64.ActiveCfg = Release|Win32
		{87931DE5-508A-415C-BA41-B6C6127E33A5}.Release|x86.ActiveCfg = Release|Win32
		{87931DE5-508A-415C-BA41-B6C6127E33A5}.Release|x86.Build.0 = Release|Win32
		{2A221583-6F15-4AD5-8B53-006C11746EB3}.Debug|x64.ActiveCfg = Debug|Win32
		{2A221583-6F15-4AD5-8B53-006C11746EB3}.Debug|x86.ActiveCfg = Debug|Win32
		{2A221583-6F15-4AD5-8B53-006C11746EB3}.Debug|x86.Build.0 = Debug|Win32
		{2A221583-6F15-4AD5-8B53-006C11746EB3}.Release|x64.ActiveCfg = Release|Win32
		{2A221583-6F15-4AD5-8B53-006C11746EB3}.Release|x86.ActiveCfg = Release|Win32
		{2A221583-6F15-4AD5-8B53-006C11746EB3}.Release|x86.Build.0 = Release|Win32
		{9EB71971-3247-4D23-9F1E-55261836841F}.Debug|x64.ActiveCfg = Debug|Win32
		{9EB71971-3247-4D23-9F1E-55261836841F}.Debug|x86.ActiveCfg = Debug|Win32
		{9EB71971-3247-4D23-9F1E-55261836841F}.Debug|x86.Build.0 = Debug|Win32
		{9EB71971-3247-4D23-9F1E-55261836841F}.Release|x64.ActiveCfg = Release|Win32
		{9EB71971-3247-4D23-9F1E-55261836841F}.Release|x86.ActiveCfg = Release|Win32
		{9EB71971-3247-4D23-9F1E-55261836841F}.Release|x86.Build.0 = Release|Win32
		{63245DF7-4599-4D7E-83D8-A18BB3CF7BB1}.Debug|x64.ActiveCfg = Debug|Win32
		{63245DF7-4599-4D7E-83D8-A18BB3CF7BB1}.Debug|x86.ActiveCfg = Debug|Win32
		{63245DF7-4599-4D7E-83D8-A18BB3CF7BB1}.Debug|x86.Build.0 = Debug|Win32
		{63245DF7-4599-4D7E-83D8-A18BB3CF7BB1}.Release|x64.ActiveCfg = Release|Win32
		{63245DF7-4599-4D7E-83D8-A18BB3CF7BB1}.Release|x86.ActiveCfg = Release|Win32
		{63245DF7-4599-4D7E-83D8-A18BB3CF7BB1}.Release|x86.Build.0 = Release|Win32
		{D88186AF-C4AF-4DB7-85F4-C7685F85763C}.Debug|x64.ActiveCfg = Debug|Win32
		{D88186AF-C4AF-4DB7-85F4-C7685F85763C}.Debug|x86.ActiveCfg = Debug|Win32
		{D88186AF-C4AF-4DB7-85F4-C7685F85763C}.Debug|x86.Build.0 = Debug|Win32
		{D88186AF-C4AF-4DB7-85F4-C7685F85763C}.Release|x64.ActiveCfg = Release|Win32
		{D88186AF-C4AF-4DB7-85F4-C7685F85763C}.Release|x86.ActiveCfg = Release|Win32
		{D88186AF-C4AF-4DB7-85F4-C7685F85763C}.Release|x86.Build.0 = Release|Win32
		{9F6352E0-F441-4C23-A894-8482AB70D545}.Debug|x64.ActiveCfg = Debug|Win32
		{9F6352E0-F441-4C23-A894-8482AB70D545}.Debug|x86.ActiveCfg = Debug|Win32
		{9F6352E0-F441-4C23-A894-8482AB70D545}.Debug|x86.Build.0 = Debug|Win32
		{9F6352E0-F441-4C23-A894-8482AB70D545}.Release|x64.ActiveCfg = Release|Win32
		{9F6352E0-F441-4C23-A894-8482AB70D545}.Release|x86.ActiveCfg = Release|Win32
		{9F6352E0-F441-4C23-A894-8482AB70D545}.Release|x86.Build.0 = Release|Win32
		{768DD711-00ED-4511-8225-39F8486B578E}.Debug|x64.ActiveCfg = Debug|Win32
		{768DD711-00ED-4511-8225-39F8486B578E}.Debug|x86.ActiveCfg = Debug|Win32
		{768DD711-00ED-4511-8225-39F8486B578E}.Debug|x86.Build.0 = Debug|Win32
		{768DD711-00ED-4511-8225-39F8486B578E}.Release|x64.ActiveCfg = Release|Win32
		{768DD711-00ED-4511-8225-39F8486B578E}.Release|x86.ActiveCfg = Release|Win32
		{768DD711-00ED-4511-8225-39F8486B578E}.Release|x86.Build.0 = Release|Win32
		{3E26C6B7-40D3-4D17-BA97-1970D5B91283}.Debug|x64.ActiveCfg = Debug|Win32
		{3E26C6B7-40D3-4D17-BA97-1970D5B91283}.Debug|x86.ActiveCfg = Debug|Win32
		{3E26C6B7-40D3-4D17-BA97-1970D5B91283}.Debug|x86.Build.0 = Debug|Win32
		{3E26C6B7-40D3-4D17-BA97-1970D5B91283}.Release|x64.ActiveCfg = Release|Win32
		{3E26C6B7-40D3-4D17-BA97-1970D5B91283}.Release|x86.ActiveCfg = Release|Win32
		{3E26C6B7-40D3-4D17-BA97-1970D5B91283}.Release|x86.Build.0 = Release|Win32
		{B77E0154-48BB-493A-83E5-E444EDC77047}.Debug|x64.ActiveCfg = Debug|Win32
		{B77E0154-48BB-493A-83E5-E444EDC77047}.Debug|x86.ActiveCfg = Debug|Win32
		{B77E0154-48BB-493A-83E5-E444EDC77047}.Debug|x86.Build.0 = Debug|Win32
		{B77E0154-48BB-493A-83E5-E444EDC77047}.Release|x64.ActiveCfg = Release|Win32
		{B77E0154-48BB-493A-83E5-E444EDC77047}.Release|x86.ActiveCfg = Release|Win32
		{B77E0154-48BB-493A-83E5-E444EDC77047}.Release|x86.Build.0 = Release|Win32
		{0B509310-8501-4AA3-9F31-D34D217F71BA}.Debug|x64.ActiveCfg = Debug|Win32
		{0B509310-8501-4AA3-9F31-D34D217F71BA}.Debug|x86.ActiveCfg = Debug|Win32
		{0B509310-8501-4AA3-9F31-D34D217F71BA}.Debug|x86.Build.0 = Debug|Win32
		{0B509310-8501-4AA3-9F31-D34D217F71BA}.Release|x64.ActiveCfg = Release|Win32
		{0B509310-8501-4AA3-9F31-D34D217F71BA}.Release|x86.ActiveCfg = Release|Win32
		{0B509310-8501-4AA3-9F31-D34D217F71BA}.Release|x86.Build.0 = Release|Win32
		{B5BABE51-EFB0-436D-B9C6-F0842EC762D0}.Debug|x64.ActiveCfg = Debug|Win32
		{B5BABE51-EFB0-436D-B9C6-F0842EC762D0}.Debug|x86.ActiveCfg = Debug|Win32
		{B5BABE51-EFB0-436D-B9C6-F0842EC762D0}.Debug|x86.Build.0 = Debug|Win32
		{B5BABE51-EFB0-436D-B9C6-F0842EC762D0}.Release|x64.ActiveCfg = Release|Win32
		{B5BABE51-EFB0-436D-B9C6-F0842EC762D0}.Release|x86.ActiveCfg = Release|Win32
		{B5BABE51-EFB0-436D-B9C6-F0842EC762D0}.Release|x86.Build.0 = Release|Win32
		{7F941B92-C992-44FF-8D87-267B430CB516}.Debug|x64.ActiveCfg = Debug|Win32
		{7F941B92-C992-44FF-8D87-267B430CB516}.Debug|x86.ActiveCfg = Debug|Win32
		{7F941B92-C992-44FF-8D87-267B430CB516}.Debug|x86.Build.0 = Debug|Win32
		{7F941B92-C992-44FF-8D87-267B430CB516}.Release|x64.ActiveCfg = Release|Win32
		{7F941B92-C992-44FF-8D87-267B430CB516}.Release|x86.ActiveCfg = Release|Win32
		{7F941B92-C992-44FF-8D87-267B430CB516}.Release|x86.Build.0 = Release|Win32
		{5DCF2E82-5C36-436C-9097-94A0D3BE4D49}.Debug|x64.ActiveCfg = Debug|Win32
		{5DCF2E82-5C36-436C-9097-94A0D3BE4D49}.Debug|x86.ActiveCfg = Debug|Win32
		{5DCF2E82-5C36-436C-9097-94A0D3BE4D49}.Debug|x86.Build.0 = Debug|Win32
		{5DCF2E82-5C36-436C-9097-94A0D3BE4D49}.Release|x64.ActiveCfg = Release|Win32
		{5DCF2E82-5C36-436C-9097-94A0D3BE4D49}.Release|x86.ActiveCfg = Release|Win32
		{5DCF2E82-5C36-436C-9097-94A0D3BE4D49}.Release|x86.Build.0 = Release|Win32
		{BF3AD10F-8F5F-4692-B7F1-27628ACE592E}.Debug|x64.ActiveCfg = Debug|Win32
		{BF3AD10F-8F5F-4692-B7F1-27628ACE592E}.Debug|x86.ActiveCfg = Debug|Win32
		{BF3AD10F-8F5F-4692-B7F1-27628ACE592E}.Debug|x86.Build.0 = Debug|Win32
		{BF3AD10F-8F5F-4692-B7F1-27628ACE592E}.Release|x64.ActiveCfg = Release|Win32
		{BF3AD10F-8F5F-4692-B7F1-27628ACE592E}.Release|x86.ActiveCfg = Release|Win32
		{BF3AD10F-8F5F-4692-B7F1-27628ACE592E}.Release|x86.Build.0 = Release|Win32
		{DE2029A6-9328-4089-8985-D5566ADA7D4D}.Debug|x64.ActiveCfg = Debug|Win32
		{DE2029A6-9328-4089-8985-D5566ADA7D4D}.Debug|x86.ActiveCfg = Debug|Win32
		{DE2029A6-9328-4089-8985-D5566ADA7D4D}.Debug|x86.Build.0 = Debug|Win32
		{DE2029A6-9328-4089-8985-D5566ADA7D4D}.Release|x64.ActiveCfg = Release|Win32
		{DE2029A6-9328-4089-8985-D5566ADA7D4D}.Release|x86.ActiveCfg = Release|Win32
		{DE2029A6-9328-4089-8985-D5566ADA7D4D}.Release|x86.Build.0 = Release|Win32
		{79F4C1C7-3724-4B66-A7D0-69E1ED8826D6}.Debug|x64.ActiveCfg = Debug|Win32
		{79F4C1C7-3724-4B66-A7D0-69E1ED8826D6}.Debug|x86.ActiveCfg = Debug|Win32
		{79F4C1C7-3724-4B66-A7D0-69E1ED8826D6}.Debug|x86.Build.0 = Debug|Win32
		{79F4C1C7-3724-4B66-A7D0-69E1ED8826D6}.Release|x64.ActiveCfg = Release|Win32
		{79F4C1C7-3724-4B66-A7D0-69E1ED8826D6}.Release|x86.ActiveCfg = Release|Win32
		{79F4C1C7-3724-4B66-A7D0-69E1ED8826D6}.Release|x86.Build.0 = Release|Win32
		{177749A3-CC22-4476-BB75-E9FC58607F21}.Debug|x64.ActiveCfg = Debug|Win32
		{177749A3-CC22-4476-BB75-E9FC58607F21}.Debug|x86.ActiveCfg = Debug|Win32
		{177749A3-CC22-4476-BB75-E9FC58607F21}.Debug|x86.Build.0 = Debug|Win32
		{177749A3-CC22-4476-BB75-E9FC58607F21}.Release|x64.ActiveCfg = Release|Win32
		{177749A3-CC22-4476-BB75-E9FC58607F21}.Release|x86.ActiveCfg = Release|Win32
		{177749A3-CC22-4476-BB75-E9FC58607F21}.Release|x86.Build.0 = Release|Win32
		{373B43ED-5B9D-43BE-AC58-397509E70523}.Debug|x64.ActiveCfg = Debug|Win32
		{373B43ED-5B9D-43BE-AC58-397509E70523}.Debug|x86.ActiveCfg = Debug|Win32
		{373B43ED-5B9D-43BE-AC58-397509E70523}.Debug|x86.Build.0 = Debug|Win32
		{373B43ED-5B9D-43BE-AC58-397509E70523}.Release|x64.ActiveCfg = Release|Win32
		{373B43ED-5B9D-43BE-AC58-397509E70523}.Release|x86.ActiveCfg = Release|Win32
		{373B43ED-5B9D-43BE-AC58-397509E70523}.Release|x86.Build.0 = Release|Win32
		{9251FD8E-99A0-4028-A704-79DFC6193532}.Debug|x64.ActiveCfg = Debug|Win32
		{9251FD8E-99A0-4028-A704-79DFC6193532}.Debug|x86.ActiveCfg = Debug|Win32
		{9251FD8E-99A0-4028-A704-79DFC6193532}.Debug|x86.Build.0 = Debug|Win32
		{9251FD8E-99A0-4028-A704-79DFC6193532}.Release|x64.ActiveCfg = Release|Win32
		{9251FD8E-99A0-4028-A704-79DFC6193532}.Release|x86.ActiveCfg = Release|Win32
		{9251FD8E-99A0-4028-A704-79DFC6193532}.Release|x86.Build.0 = Release|Win32
		{44F9F376-BCD0-48EA-8790-5C79784EFFFE}.Debug|x64.ActiveCfg = Debug|Win32
		{44F9F376-BCD0-48EA-8790-5C79784EFFFE}.Debug|x86.ActiveCfg = Debug|Win32
		{44F9F376-BCD0-48EA-8790-5C79784EFFFE}.Debug|x86.Build.0 = Debug|Win32
		{44F9F376-BCD0-48EA-8790-5C79784EFFFE}.Release|x64.ActiveCfg = Release|Win32
		{44F9F376-BCD0-48EA-8790-5C79784EFFFE}.Release|x86.ActiveCfg = Release|Win32
		{44F9F376-BCD0-48EA-8790-5C79784EFFFE}.Release|x86.Build.0 = Release|Win32
		{EC87E1B2-2265-429C-B14E-D70FCDCF1AAF}.Debug|x64.ActiveCfg = Debug|Win32
		{EC87E1B2-2265-429C-B14E-D70FCDCF1AAF}.Debug|x86.ActiveCfg = Debug|Win32
		{EC87E1B2-2265-429C-B14E-D70FCDCF1AAF}.Debug|x86.Build.0 = Debug|Win32
		{EC87E1B2-2265-429C-B14E-D70FCDCF1AAF}.Release|x64.ActiveCfg = Release|Win32
		{EC87E1B2-2265-429C-B14E-D70FCDCF1AAF}.Release|x86.ActiveCfg = Release|Win32
		{EC87E1B2-2265-429C-B14E-D70FCDCF1AAF}.Release|x86.Build.0 = Release|Win32
		{88A68EEB-036E-4B2E-959E-8EB47B454E07}.Debug|x64.ActiveCfg = Debug|Win32
		{88A68EEB-036E-4B2E-959E-8EB47B454E07}.Debug|x86.ActiveCfg = Debug|Win32
		{88A68EEB-036E-4B2E-959E-8EB47B454E07}.Debug|x86.Build.0 = Debug|Win32
		{88A68EEB-036E-4B2E-959E-8EB47B454E07}.Release|x64.ActiveCfg = Release|Win32
		{88A68EEB-036E-4B2E-959E-8EB47B454E07}.Release|x86.ActiveCfg = Release|Win32
		{88A68EEB-036E-4B2E-959E-8EB47B454E07}.Release|x86.Build.0 = Release|Win32
		{3BE2C3CD-0A43-4A0E-BA02-07CE2BC9BACD}.Debug|x64.ActiveCfg = Debug|Win32
		{3BE2C3CD-0A43-4A0E-BA02-07CE2BC9BACD}.Debug|x86.ActiveCfg = Debug|Win32
		{3BE2C3CD-0A43-4A0E-BA02-07CE2BC9BACD}.Debug|x86.Build.0 = Debug|Win32
		{3BE2C3CD-0A43-4A0E-BA02-07CE2BC9BACD}.Release|x64.ActiveCfg = Release|Win32
		{3BE2C3CD-0A43-4A0E-BA02-07CE2BC9BACD}.Release|x86.ActiveCfg = Release|Win32
		{3BE2C3CD-0A43-4A0E-BA02-07CE2BC9BACD}.Release|x86.Build.0 = Release|Win32
		{C07AE447-9F9B-4070-9C60-50B04889008F}.Debug|x64.ActiveCfg = Debug|Win32
		{C07AE447-9F9B-4070-9C60-50B04889008F}.Debug|x86.ActiveCfg = Debug|Win32
		{C07AE447-9F9B-4070-9C60-50B04889008F}.Debug|x86.Build.0 = Debug|Win32
		{C07AE447-9F9B-4070-9C60-50B04889008F}.Release|x64.ActiveCfg = Release|Win32
		{C07AE447-9F9B-4070-9C60-50B04889008F}.Release|x86.ActiveCfg = Release|Win32
		{C07AE447-9F9B-4070-9C60-50B04889008F}.Release|x86.Build.0 = Release|Win32
		{A37B49CC-699E-46A2-AC80-1354AC383853}.Debug|x64.ActiveCfg = Debug|Win32
		{A37B49CC-699E-46A2-AC80-1354AC383853}.Debug|x86.ActiveCfg = Debug|Win32
		{A37B49CC-699E-46A2-AC80-1354AC383853}.Debug|x86.Build.0 = Debug|Win32
		{A37B49CC-699E-46A2-AC80-1354AC383853}.Release|x64.ActiveCfg = Release|Win32
		{A37B49CC-699E-46A2-AC80-1354AC383853}.Release|x86.ActiveCfg = Release|Win32
		{A37B49CC-699E-46A2-AC80-1354AC383853}.Release|x86.Build.0 = Release|Win32
		{81E0CF77-E62C-41AA-BC29-8DCBBAF7A3B0}.Debug|x64.ActiveCfg = Debug|Win32
		{81E0CF77-E62C-41AA-BC29-8DCBBAF7A3B0}.Debug|x86.ActiveCfg = Debug|Win32
		{81E0CF77-E62C-41AA-BC29-8DCBBAF7A3B0}.Debug|x86.Build.0 = Debug|Win32
		{81E0CF77-E62C-41AA-BC29-8DCBBAF7A3B0}.Release|x64.ActiveCfg = Release|Win32
		{81E0CF77-E62C-41AA-BC29-8DCBBAF7A3B0}.Release|x86.ActiveCfg = Release|Win32
		{81E0CF77-E62C-41AA-BC29-8DCBBAF7A3B0}.Release|x86.Build.0 = Release|Win32
		{7CFD6FA1-E5B0-4F64-A9E8-4F4546A4F65C}.Debug|x64.ActiveCfg = Debug|x64
		{7CFD6FA1-E5B0-4F64-A9E8-4F4546A4F65C}.Debug|x64.Build.0 = Debug|x64
		{7CFD6FA1-E5B0-4F64-A9E8-4F4546A4F65C}.Debug|x86.ActiveCfg = Debug|Win32
		{7CFD6FA1-E5B0-4F64-A9E8-4F4546A4F65C}.Debug|x86.Build.0 = Debug|Win32
		{7CFD6FA1-E5B0-4F64-A9E8-4F4546A4F65C}.Release|x64.ActiveCfg = Release|x64
		{7CFD6FA1-E5B0-4F64-A9E8-4F4546A4F65C}.Release|x64.Build.0 = Release|x64
		{7CFD6FA1-E5B0-4F64-A9E8-4F4546A4F65C}.Release|x86.ActiveCfg = Release|Win32
		{7CFD6FA1-E5B0-4F64-A9E8-4F4546A4F65C}.Release|x86.Build.0 = Release|Win32
		{DEF3C94B-704D-442F-B21E-6D8E519FD08C}.Debug|x64.ActiveCfg = Debug|Win32
		{DEF3C94B-704D-442F-B21E-6D8E519FD08C}.Debug|x86.ActiveCfg = Debug|Win32
		{DEF3C94B-704D-442F-B21E-6D8E519FD08C}.Debug|x86.Build.0 = Debug|Win32
		{DEF3C94B-704D-442F-B21E-6D8E519FD08C}.Release|x64.ActiveCfg = Release|Win32
		{DEF3C94B-704D-442F-B21E-6D8E519FD08C}.Release|x86.ActiveCfg = Release|Win32
		{DEF3C94B-704D-442F-B21E-6D8E519FD08C}.Release|x86.Build.0 = Release|Win32
		{A4244084-9D0F-46F2-9EDE-2FE1E1907F2D}.Debug|x64.ActiveCfg = Debug|Win32
		{A4244084-9D0F-46F2-9EDE-2FE1E1907F2D}.Debug|x86.ActiveCfg = Debug|Win32
		{A4244084-9D0F-46F2-9EDE-2FE1E1907F2D}.Debug|x86.Build.0 = Debug|Win32
		{A4244084-9D0F-46F2-9EDE-2FE1E1907F2D}.Release|x64.ActiveCfg = Release|Win32
		{A4244084-9D0F-46F2-9EDE-2FE1E1907F2D}.Release|x86.ActiveCfg = Release|Win32
		{A4244084-9D0F-46F2-9EDE-2FE1E1907F2D}.Release|x86.Build.0 = Release|Win32
		{85F85C92-E18E-4A97-B328-2513CFCCC2B3}.Debug|x64.ActiveCfg = Debug|Win32
		{85F85C92-E18E-4A97-B328-2513CFCCC2B3}.Debug|x86.ActiveCfg = Debug|Win32
		{85F85C92-E18E-4A97-B328-2513CFCCC2B3}.Debug|x86.Build.0 = Debug|Win32
		{85F85C92-E18E-4A97-B328-2513CFCCC2B3}.Release|x64.ActiveCfg = Release|Win32
		{85F85C92-E18E-4A97-B328-2513CFCCC2B3}.Release|x86.ActiveCfg = Release|Win32
		{85F85C92-E18E-4A97-B328-2513CFCCC2B3}.Release|x86.Build.0 = Release|Win32
		{14CB58FA-8537-482F-96B0-458542DC49D7}.Debug|x64.ActiveCfg = Debug|Win32
		{14CB58FA-8537-482F-96B0-458542DC49D7}.Debug|x86.ActiveCfg = Debug|Win32
		{14CB58FA-8537-482F-96B0-458542DC49D7}.Debug|x86.Build.0 = Debug|Win32
		{14CB58FA-8537-482F-96B0-458542DC49D7}.Release|x64.ActiveCfg = Release|Win32
		{14CB58FA-8537-482F-96B0-458542DC49D7}.Release|x86.ActiveCfg = Release|Win32
		{14CB58FA-8537-482F-96B0-458542DC49D7}.Release|x86.Build.0 = Release|Win32
		{0745CC18-814D-4E48-AE24-08119FDC5961}.Debug|x64.ActiveCfg = Debug|x64
		{0745CC18-814D-4E48-AE24-08119FDC5961}.Debug|x64.Build.0 = Debug|x64
		{0745CC18-814D-4E48-AE24-08119FDC5961}.Debug|x86.ActiveCfg = Debug|Win32
		{0745CC18-814D-4E48-AE24-08119FDC5961}.Debug|x86.Build.0 = Debug|Win32
		{0745CC18-814D-4E48-AE24-08119FDC5961}.Release|x64.ActiveCfg = Release|x64
		{0745CC18-814D-4E48-AE24-08119FDC5961}.Release|x64.Build.0 = Release|x64
		{0745CC18-814D-4E48-AE24-08119FDC5961}.Release|x86.ActiveCfg = Release|Win32
		{0745CC18-814D-4E48-AE24-08119FDC5961}.Release|x86.Build.0 = Release|Win32
		{0B350F5C-5A82-491D-A3CF-DD99E60272DD}.Debug|x64.ActiveCfg = Debug|Win32
		{0B350F5C-5A82-491D-A3CF-DD99E60272DD}.Debug|x86.ActiveCfg = Debug|Win32
		{0B350F5C-5A82-491D-A3CF-DD99E60272DD}.Debug|x86.Build.0 = Debug|Win32
		{0B350F5C-5A82-491D-A3CF-DD99E60272DD}.Release|x64.ActiveCfg = Release|Win32
		{0B350F5C-5A82-491D-A3CF-DD99E60272DD}.Release|x86.ActiveCfg = Release|Win32
		{0B350F5C-5A82-491D-A3CF-DD99E60272DD}.Release|x86.Build.0 = Release|Win32
		{E7F905DB-FBD1-4D80-93FA-02406BECC130}.Debug|x64.ActiveCfg = Debug|x64
		{E7F905DB-FBD1-4D80-93FA-02406BECC130}.Debug|x64.Build.0 = Debug|x64
		{E7F905DB-FBD1-4D80-93FA-02406BECC130}.Debug|x86.ActiveCfg = Debug|Win32
		{E7F905DB-FBD1-4D80-93FA-02406BECC130}.Debug|x86.Build.0 = Debug|Win32
		{E7F905DB-FBD1-4D80-93FA-02406BECC130}.Release|x64.ActiveCfg = Release|x64
		{E7F905DB-FBD1-4D80-93FA-02406BECC130}.Release|x64.Build.0 = Release|x64
		{E7F905DB-FBD1-4D80-93FA-02406BECC130}.Release|x86.ActiveCfg = Release|Win32
		{E7F905DB-FBD1-4D80-93FA-02406BECC130}.Release|x86.Build.0 = Release|Win32
		{847B1CF6-B737-496B-98B3-6560DD1B52CD}.Debug|x64.ActiveCfg = Debug|Win32
		{847B1CF6-B737-496B-98B3-6560DD1B52CD}.Debug|x86.ActiveCfg = Debug|Win32
		{847B1CF6-B737-496B-98B3-6560DD1B52CD}.Debug|x86.Build.0 = Debug|Win32
		{847B1CF6-B737-496B-98B3-6560DD1B52CD}.Release|x64.ActiveCfg = Release|Win32
		{847B1CF6-B737-496B-98B3-6560DD1B52CD}.Release|x86.ActiveCfg = Release|Win32
		{847B1CF6-B737-496B-98B3-6560DD1B52CD}.Release|x86.Build.0 = Release|Win32
		{35944423-5251-408F-8E1E-A3C75D43B12B}.Debug|x64.ActiveCfg = Debug|Win32
		{35944423-5251-408F-8E1E-A3C75D43B12B}.Debug|x86.ActiveCfg = Debug|Win32
		{35944423-5251-408F-8E1E-A3C75D43B12B}.Debug|x86.Build.0 = Debug|Win32
		{35944423-5251-408F-8E1E-A3C75D43B12B}.Release|x64.ActiveCfg = Release|Win32
		{35944423-5251-408F-8E1E-A3C75D43B12B}.Release|x86.ActiveCfg = Release|Win32
		{35944423-5251-408F-8E1E-A3C75D43B12B}.Release|x86.Build.0 = Release|Win32
		{CC1BA890-4FE8-4104-ADDA-BA5302A46F1E}.Debug|x64.ActiveCfg = Debug|Win32
		{CC1BA890-4FE8-4104-ADDA-BA5302A46F1E}.Debug|x86.ActiveCfg = Debug|Win32
		{CC1BA890-4FE8-4104-ADDA-BA5302A46F1E}.Debug|x86.Build.0 = Debug|Win32
		{CC1BA890-4FE8-4104-ADDA-BA5302A46F1E}.Release|x64.ActiveCfg = Release|Win32
		{CC1BA890-4FE8-4104-ADDA-BA5302A46F1E}.Release|x86.ActiveCfg = Release|Win32
		{CC1BA890-4FE8-4104-ADDA-BA5302A46F1E}.Release|x86.Build.0 = Release|Win32
		{41945C79-ADC4-4B06-A3EF-006C8BF684F6}.Debug|x64.ActiveCfg = Debug|Win32
		{41945C79-ADC4-4B06-A3EF-006C8BF684F6}.Debug|x86.ActiveCfg = Debug|Win32
		{41945C79-ADC4-4B06-A3EF-006C8BF684F6}.Debug|x86.Build.0 = Debug|Win32
		{41945C79-ADC4-4B06-A3EF-006C8BF684F6}.Release|x64.ActiveCfg = Release|Win32
		{41945C79-ADC4-4B06-A3EF-006C8BF684F6}.Release|x86.ActiveCfg = Release|Win32
		{41945C79-ADC4-4B06-A3EF-006C8BF684F6}.Release|x86.Build.0 = Release|Win32
		{A56CC07C-5540-4412-8761-31D5DF6A8740}.Debug|x64.ActiveCfg = Debug|Win32
		{A56CC07C-5540-4412-8761-31D5DF6A8740}.Debug|x86.ActiveCfg = Debug|Win32
		{A56CC07C-5540-4412-8761-31D5DF6A8740}.Debug|x86.Build.0 = Debug|Win32
		{A56CC07C-5540-4412-8761-31D5DF6A8740}.Release|x64.ActiveCfg = Release|Win32
		{A56CC07C-5540-4412-8761-31D5DF6A8740}.Release|x86.ActiveCfg = Release|Win32
		{A56CC07C-5540-4412-8761-31D5DF6A8740}.Release|x86.Build.0 = Release|Win32
		{5EF9CCD1-10F9-4213-A790-D5A8BA83DFF0}.Debug|x64.ActiveCfg = Debug|x64
		{5EF9CCD1-10F9-4213-A790-D5A8BA83DFF0}.Debug|x64.Build.0 = Debug|x64
		{5EF9CCD1-10F9-4213-A790-D5A8BA83DFF0}.Debug|x86.ActiveCfg = Debug|Win32
		{5EF9CCD1-10F9-4213-A790-D5A8BA83DFF0}.Debug|x86.Build.0 = Debug|Win32
		{5EF9CCD1-10F9-4213-A790-D5A8BA83DFF0}.Release|x64.ActiveCfg = Release|x64
		{5EF9CCD1-10F9-4213-A790-D5A8BA83DFF0}.Release|x64.Build.0 = Release|x64
		{5EF9CCD1-10F9-4213-A790-D5A8BA83DFF0}.Release|x86.ActiveCfg = Release|Win32
		{5EF9CCD1-10F9-4213-A790-D5A8BA83DFF0}.Release|x86.Build.0 = Release|Win32
		{DE95909F-C0C5-48BB-AEEE-6239C519D444}.Debug|x64.ActiveCfg = Debug|Win32
		{DE95909F-C0C5-48BB-AEEE-6239C519D444}.Debug|x86.ActiveCfg = Debug|Win32
		{DE95909F-C0C5-48BB-AEEE-6239C519D444}.Debug|x86.Build.0 = Debug|Win32
		{DE95909F-C0C5-48BB-AEEE-6239C519D444}.Release|x64.ActiveCfg = Release|Win32
		{DE95909F-C0C5-48BB-AEEE-6239C519D444}.Release|x86.ActiveCfg = Release|Win32
		{DE95909F-C0C5-48BB-AEEE-6239C519D444}.Release|x86.Build.0 = Release|Win32
		{5898BAC0-D3AA-4AC3-8AC6-0443BF54F7BA}.Debug|x64.ActiveCfg = Debug|x64
		{5898BAC0-D3AA-4AC3-8AC6-0443BF54F7BA}.Debug|x64.Build.0 = Debug|x64
		{5898BAC0-D3AA-4AC3-8AC6-0443BF54F7BA}.Debug|x86.ActiveCfg = Debug|Win32
		{5898BAC0-D3AA-4AC3-8AC6-0443BF54F7BA}.Debug|x86.Build.0 = Debug|Win32
		{5898BAC0-D3AA-4AC3-8AC6-0443BF54F7BA}.Release|x64.ActiveCfg = Release|x64
		{5898BAC0-D3AA-4AC3-8AC6-0443BF54F7BA}.Release|x64.Build.0 = Release|x64
		{5898BAC0-D3AA-4AC3-8AC6-0443BF54F7BA}.Release|x86.ActiveCfg = Release|Win32
		{5898BAC0-D3AA-4AC3-8AC6-0443BF54F7BA}.Release|x86.Build.0 = Release|Win32
		{BDF770F3-7B82-4DC2-B38F-E0F5D68ED3F6}.Debug|x64.ActiveCfg = Debug|x64
		{BDF770F3-7B82-4DC2-B38F-E0F5D68ED3F6}.Debug|x64.Build.0 = Debug|x64
		{BDF770F3-7B82-4DC2-B38F-E0F5D68ED3F6}.Debug|x86.ActiveCfg = Debug|Win32
		{BDF770F3-7B82-4DC2-B38F-E0F5D68ED3F6}.Debug|x86.Build.0 = Debug|Win32
		{BDF770F3-7B82-4DC2-B38F-E0F5D68ED3F6}.Release|x64.ActiveCfg = Release|x64
		{BDF770F3-7B82-4DC2-B38F-E0F5D68ED3F6}.Release|x64.Build.0 = Release|x64
		{BDF770F3-7B82-4DC2-B38F-E0F5D68ED3F6}.Release|x86.ActiveCfg = Release|Win32
		{BDF770F3-7B82-4DC2-B38F-E0F5D68ED3F6}.Release|x86.Build.0 = Release|Win32
		{FC943968-2093-4186-982F-B5CDB9575BD7}.Debug|x64.ActiveCfg = Debug|Win32
		{FC943968-2093-4186-982F-B5CDB9575BD7}.Debug|x86.ActiveCfg = Debug|Win32
		{FC943968-2093-4186-982F-B5CDB9575BD7}.Debug|x86.Build.0 = Debug|Win32
		{FC943968-2093-4186-982F-B5CDB9575BD7}.Release|x64.ActiveCfg = Release|Win32
		{FC943968-2093-4186-982F-B5CDB9575BD7}.Release|x86.ActiveCfg = Release|Win32
		{FC943968-2093-4186-982F-B5CDB9575BD7}.Release|x86.Build.0 = Release|Win32
		{6E0BF43A-1B08-4C1B-8D5C-FC6E0CBED420}.Debug|x64.ActiveCfg = Debug|Win32
		{6E0BF43A-1B08-4C1B-8D5C-FC6E0CBED420}.Debug|x86.ActiveCfg = Debug|Win32
		{6E0BF43A-1B08-4C1B-8D5C-FC6E0CBED420}.Debug|x86.Build.0 = Debug|Win32
		{6E0BF43A-1B08-4C1B-8D5C-FC6E0CBED420}.Release|x64.ActiveCfg = Release|Win32
		{6E0BF43A-1B08-4C1B-8D5C-FC6E0CBED420}.Release|x86.ActiveCfg = Release|Win32
		{6E0BF43A-1B08-4C1B-8D5C-FC6E0CBED420}.Release|x86.Build.0 = Release|Win32
		{C720508C-6815-4C3B-A984-F0FB7E722F07}.Debug|x64.ActiveCfg = Debug|Win32
		{C720508C-6815-4C3B-A984-F0FB7E722F07}.Debug|x86.ActiveCfg = Debug|Win32
		{C720508C-6815-4C3B-A984-F0FB7E722F07}.Debug|x86.Build.0 = Debug|Win32
		{C720508C-6815-4C3B-A984-F0FB7E722F07}.Release|x64.ActiveCfg = Release|Win32
		{C720508C-6815-4C3B-A984-F0FB7E722F07}.Release|x86.ActiveCfg = Release|Win32
		{C720508C-6815-4C3B-A984-F0FB7E722F07}.Release|x86.Build.0 = Release|Win32
		{11559842-9B19-40EB-82F6-94E0A03E41E5}.Debug|x64.ActiveCfg = Debug|Win32
		{11559842-9B19-40EB-82F6-94E0A03E41E5}.Debug|x86.ActiveCfg = Debug|Win32
		{11559842-9B19-40EB-82F6-94E0A03E41E5}.Debug|x86.Build.0 = Debug|Win32
		{11559842-9B19-40EB-82F6-94E0A03E41E5}.Release|x64.ActiveCfg = Release|Win32
		{11559842-9B19-40EB-82F6-94E0A03E41E5}.Release|x86.ActiveCfg = Release|Win32
		{11559842-9B19-40EB-82F6-94E0A03E41E5}.Release|x86.Build.0 = Release|Win32
		{9D41C3F7-724E-4693-A6A1-2846B7434854}.Debug|x64.ActiveCfg = Debug|Win32
		{9D41C3F7-724E-4693-A6A1-2846B7434854}.Debug|x86.ActiveCfg = Debug|Win32
		{9D41C3F7-724E-4693-A6A1-2846B7434854}.Debug|x86.Build.0 = Debug|Win32
		{9D41C3F7-724E-4693-A6A1-2846B7434854}.Release|x64.ActiveCfg = Release|Win32
		{9D41C3F7-724E-4693-A6A1-2846B7434854}.Release|x86.ActiveCfg = Release|Win32
		{9D41C3F7-724E-4693-A6A1-2846B7434854}.Release|x86.Build.0 = Release|Win32
		{781902E0-8192-4795-8D47-F5CC1A869C3D}.Debug|x64.ActiveCfg = Debug|Win32
		{781902E0-8192-4795-8D47-F5CC1A869C3D}.Debug|x86.ActiveCfg = Debug|Win32
		{781902E0-8192-4795-8D47-F5CC1A869C3D}.Debug|x86.Build.0 = Debug|Win32
		{781902E0-8192-4795-8D47-F5CC1A869C3D}.Release|x64.ActiveCfg = Release|Win32
		{781902E0-8192-4795-8D47-F5CC1A869C3D}.Release|x86.ActiveCfg = Release|Win32
		{781902E0-8192-4795-8D47-F5CC1A869C3D}.Release|x86.Build.0 = Release|Win32
		{AC7235AB-B5AC-4F94-A254-1607BCF376A3}.Debug|x64.ActiveCfg = Debug|Win32
		{AC7235AB-B5AC-4F94-A254-1607BCF376A3}.Debug|x86.ActiveCfg = Debug|Win32
		{AC7235AB-B5AC-4F94-A254-1607BCF376A3}.Debug|x86.Build.0 = Debug|Win32
		{AC7235AB-B5AC-4F94-A254-1607BCF376A3}.Release|x64.ActiveCfg = Release|Win32
		{AC7235AB-B5AC-4F94-A254-1607BCF376A3}.Release|x86.ActiveCfg = Release|Win32
		{AC7235AB-B5AC-4F94-A254-1607BCF376A3}.Release|x86.Build.0 = Release|Win32
		{2BE12867-FC6E-4C3E-B4FE-CAFBD6478A57}.Debug|x64.ActiveCfg = Debug|Win32
		{2BE12867-FC6E-4C3E-B4FE-CAFBD6478A57}.Debug|x86.ActiveCfg = Debug|Win32
		{2BE12867-FC6E-4C3E-B4FE-CAFBD6478A57}.Debug|x86.Build.0 = Debug|Win32
		{2BE12867-FC6E-4C3E-B4FE-CAFBD6478A57}.Release|x64.ActiveCfg = Release|Win32
		{2BE12867-FC6E-4C3E-B4FE-CAFBD6478A57}.Release|x86.ActiveCfg = Release|Win32
		{2BE12867-FC6E-4C3E-B4FE-CAFBD6478A57}.Release|x86.Build.0 = Release|Win32
		{474D4F17-1A31-4AD5-A7C7-DC057E72A4AE}.Debug|x64.ActiveCfg = Debug|Win32
		{474D4F17-1A31-4AD5-A7C7-DC057E72A4AE}.Debug|x86.ActiveCfg = Debug|Win32
		{474D4F17-1A31-4AD5-A7C7-DC057E72A4AE}.Debug|x86.Build.0 = Debug|Win32
		{474D4F17-1A31-4AD5-A7C7-DC057E72A4AE}.Release|x64.ActiveCfg = Release|Win32
		{474D4F17-1A31-4AD5-A7C7-DC057E72A4AE}.Release|x86.ActiveCfg = Release|Win32
		{474D4F17-1A31-4AD5-A7C7-DC057E72A4AE}.Release|x86.Build.0 = Release|Win32
		{C42A1CC3-B7B9-45C8-BCCA-A165F5C4DF58}.Debug|x64.ActiveCfg = Debug|Win32
		{C42A1CC3-B7B9-45C8-BCCA-A165F5C4DF58}.Debug|x86.ActiveCfg = Debug|Win32
		{C42A1CC3-B7B9-45C8-BCCA-A165F5C4DF58}.Debug|x86.Build.0 = Debug|Win32
		{C42A1CC3-B7B9-45C8-BCCA-A165F5C4DF58}.Release|x64.ActiveCfg = Release|Win32
		{C42A1CC3-B7B9-45C8-BCCA-A165F5C4DF58}.Release|x86.ActiveCfg = Release|Win32
		{C42A1CC3-B7B9-45C8-BCCA-A165F5C4DF58}.Release|x86.Build.0 = Release|Win32
		{96619845-EAFA-4464-9809-2A50547793BE}.Debug|x64.ActiveCfg = Debug|Win32
		{96619845-EAFA-4464-9809-2A50547793BE}.Debug|x86.ActiveCfg = Debug|Win32
		{96619845-EAFA-4464-9809-2A50547793BE}.Debug|x86.Build.0 = Debug|Win32
		{96619845-EAFA-4464-9809-2A50547793BE}.Release|x64.ActiveCfg = Release|Win32
		{96619845-EAFA-4464-9809-2A50547793BE}.Release|x86.ActiveCfg = Release|Win32
		{96619845-EAFA-4464-9809-2A50547793BE}.Release|x86.Build.0 = Release|Win32
		{D625AE7A-E5F6-4A06-A1FB-0A272808AF63}.Debug|x64.ActiveCfg = Debug|Win32
		{D625AE7A-E5F6-4A06-A1FB-0A272808AF63}.Debug|x86.ActiveCfg = Debug|Win32
		{D625AE7A-E5F6-4A06-A1FB-0A272808AF63}.Debug|x86.Build.0 = Debug|Win32
		{D625AE7A-E5F6-4A06-A1FB-0A272808AF63}.Release|x64.ActiveCfg = Release|Win32
		{D625AE7A-E5F6-4A06-A1FB-0A272808AF63}.Release|x86.ActiveCfg = Release|Win32
		{D625AE7A-E5F6-4A06-A1FB-0A272808AF63}.Release|x86.Build.0 = Release|Win32
		{9A5EC9EB-D9C3-45EF-914E-D2C54D7AA793}.Debug|x64.ActiveCfg = Debug|Win32
		{9A5EC9EB-D9C3-45EF-914E-D2C54D7AA793}.Debug|x86.ActiveCfg = Debug|Win32
		{9A5EC9EB-D9C3-45EF-914E-D2C54D7AA793}.Debug|x86.Build.0 = Debug|Win32
		{9A5EC9EB-D9C3-45EF-914E-D2C54D7AA793}.Release|x64.ActiveCfg = Release|Win32
		{9A5EC9EB-D9C3-45EF-914E-D2C54D7AA793}.Release|x86.ActiveCfg = Release|Win32
		{9A5EC9EB-D9C3-45EF-914E-D2C54D7AA793}.Release|x86.Build.0 = Release|Win32
		{C20E053A-5E39-46E1-A591-EFDA1133A164}.Debug|x64.ActiveCfg = Debug|Win32
		{C20E053A-5E39-46E1-A591-EFDA1133A164}.Debug|x86.ActiveCfg = Debug|Win32
		{C20E053A-5E39-46E1-A591-EFDA1133A164}.Debug|x86.Build.0 = Debug|Win32
		{C20E053A-5E39-46E1-A591-EFDA1133A164}.Release|x64.ActiveCfg = Release|Win32
		{C20E053A-5E39-46E1-A591-EFDA1133A164}.Release|x86.ActiveCfg = Release|Win32
		{C20E053A-5E39-46E1-A591-EFDA1133A164}.Release|x86.Build.0 = Release|Win32
		{23EB6888-6647-4BFF-8433-96EB6E22BAB3}.Debug|x64.ActiveCfg = Debug|Win32
		{23EB6888-6647-4BFF-8433-96EB6E22BAB3}.Debug|x86.ActiveCfg = Debug|Win32
		{23EB6888-6647-4BFF-8433-96EB6E22BAB3}.Debug|x86.Build.0 = Debug|Win32
		{23EB6888-6647-4BFF-8433-96EB6E22BAB3}.Release|x64.ActiveCfg = Release|Win32
		{23EB6888-6647-4BFF-8433-96EB6E22BAB3}.Release|x86.ActiveCfg = Release|Win32
		{23EB6888-6647-4BFF-8433-96EB6E22BAB3}.Release|x86.Build.0 = Release|Win32
		{EB5E3937-5ADA-4B68-B2C1-C6BDA21D6360}.Debug|x64.ActiveCfg = Debug|Win32
		{EB5E3937-5ADA-4B68-B2C1-C6BDA21D6360}.Debug|x86.ActiveCfg = Debug|Win32
		{EB5E3937-5ADA-4B68-B2C1-C6BDA21D6360}.Debug|x86.Build.0 = Debug|Win32
		{EB5E3937-5ADA-4B68-B2C1-C6BDA21D6360}.Release|x64.ActiveCfg = Release|Win32
		{EB5E3937-5ADA-4B68-B2C1-C6BDA21D6360}.Release|x86.ActiveCfg = Release|Win32
		{EB5E3937-5ADA-4B68-B2C1-C6BDA21D6360}.Release|x86.Build.0 = Release|Win32
		{1EFFB731-266B-4A83-8836-B72A73B38C82}.Debug|x64.ActiveCfg = Debug|Win32
		{1EFFB731-266B-4A83-8836-B72A73B38C82}.Debug|x86.ActiveCfg = Debug|Win32
		{1EFFB731-266B-4A83-8836-B72A73B38C82}.Debug|x86.Build.0 = Debug|Win32
		{1EFFB731-266B-4A83-8836-B72A73B38C82}.Release|x64.ActiveCfg = Release|Win32
		{1EFFB731-266B-4A83-8836-B72A73B38C82}.Release|x86.ActiveCfg = Release|Win32
		{1EFFB731-266B-4A83-8836-B72A73B38C82}.Release|x86.Build.0 = Release|Win32
		{1CA324DA-7853-4442-9197-31E4F4E5420D}.Debug|x64.ActiveCfg = Debug|Win32
		{1CA324DA-7853-4442-9197-31E4F4E5420D}.Debug|x86.ActiveCfg = Debug|Win32
		{1CA324DA-7853-4442-9197-31E4F4E5420D}.Debug|x86.Build.0 = Debug|Win32
		{1CA324DA-7853-4442-9197-31E4F4E5420D}.Release|x64.ActiveCfg = Release|Win32
		{1CA324DA-7853-4442-9197-31E4F4E5420D}.Release|x86.ActiveCfg = Release|Win32
		{1CA324DA-7853-4442-9197-31E4F4E5420D}.Release|x86.Build.0 = Release|Win32
		{E5DB8D9D-9F97-4F48-8ABA-57730368DEE4}.Debug|x64.ActiveCfg = Debug|Win32
		{E5DB8D9D-9F97-4F48-8ABA-57730368DEE4}.Debug|x86.ActiveCfg = Debug|Win32
		{E5DB8D9D-9F97-4F48-8ABA-57730368DEE4}.Debug|x86.Build.0 = Debug|Win32
		{E5DB8D9D-9F97-4F48-8ABA-57730368DEE4}.Release|x64.ActiveCfg = Release|Win32
		{E5DB8D9D-9F97-4F48-8ABA-57730368DEE4}.Release|x86.ActiveCfg = Release|Win32
		{E5DB8D9D-9F97-4F48-8ABA-57730368DEE4}.Release|x86.Build.0 = Release|Win32
		{B94DF019-F671-4804-9A19-9C72FC3AC058}.Debug|x64.ActiveCfg = Debug|Win32
		{B94DF019-F671-4804-9A19-9C72FC3AC058}.Debug|x86.ActiveCfg = Debug|Win32
		{B94DF019-F671-4804-9A19-9C72FC3AC058}.Debug|x86.Build.0 = Debug|Win32
		{B94DF019-F671-4804-9A19-9C72FC3AC058}.Release|x64.ActiveCfg = Release|Win32
		{B94DF019-F671-4804-9A19-9C72FC3AC058}.Release|x86.ActiveCfg = Release|Win32
		{B94DF019-F671-4804-9A19-9C72FC3AC058}.Release|x86.Build.0 = Release|Win32
		{61E632DB-8E1F-4AE0-B201-9456C885ACE9}.Debug|x64.ActiveCfg = Debug|Win32
		{61E632DB-8E1F-4AE0-B201-9456C885ACE9}.Debug|x86.ActiveCfg = Debug|Win32
		{61E632DB-8E1F-4AE0-B201-9456C885ACE9}.Debug|x86.Build.0 = Debug|Win32
		{61E632DB-8E1F-4AE0-B201-9456C885ACE9}.Release|x64.ActiveCfg = Release|Win32
		{61E632DB-8E1F-4AE0-B201-9456C885ACE9}.Release|x86.ActiveCfg = Release|Win32
		{61E632DB-8E1F-4AE0-B201-9456C885ACE9}.Release|x86.Build.0 = Release|Win32
		{57B4B802-6648-4905-9552-CA4DF8E09F08}.Debug|x64.ActiveCfg = Debug|Win32
		{57B4B802-6648-4905-9552-CA4DF8E09F08}.Debug|x86.ActiveCfg = Debug|Win32
		{57B4B802-6648-4905-9552-CA4DF8E09F08}.Debug|x86.Build.0 = Debug|Win32
		{57B4B802-6648-4905-9552-CA4DF8E09F08}.Release|x64.ActiveCfg = Release|Win32
		{57B4B802-6648-4905-9552-CA4DF8E09F08}.Release|x86.ActiveCfg = Release|Win32
		{57B4B802-6648-4905-9552-CA4DF8E09F08}.Release|x86.Build.0 = Release|Win32
		{7092F5D9-1334-4860-8D78-8B788569373A}.Debug|x64.ActiveCfg = Debug|Win32
		{7092F5D9-1334-4860-8D78-8B788569373A}.Debug|x86.ActiveCfg = Debug|Win32
		{7092F5D9-1334-4860-8D78-8B788569373A}.Debug|x86.Build.0 = Debug|Win32
		{7092F5D9-1334-4860-8D78-8B788569373A}.Release|x64.ActiveCfg = Release|Win32
		{7092F5D9-1334-4860-8D78-8B788569373A}.Release|x86.ActiveCfg = Release|Win32
		{7092F5D9-1334-4860-8D78-8B788569373A}.Release|x86.Build.0 = Release|Win32
		{78C87F05-7B7C-4E7F-8575-23C06D65483F}.Debug|x64.ActiveCfg = Debug|Win32
		{78C87F05-7B7C-4E7F-8575-23C06D65483F}.Debug|x86.ActiveCfg = Debug|Win32
		{78C87F05-7B7C-4E7F-8575-23C06D65483F}.Debug|x86.Build.0 = Debug|Win32
		{78C87F05-7B7C-4E7F-8575-23C06D65483F}.Release|x64.ActiveCfg = Release|Win32
		{78C87F05-7B7C-4E7F-8575-23C06D65483F}.Release|x86.ActiveCfg = Release|Win32
		{78C87F05-7B7C-4E7F-8575-23C06D65483F}.Release|x86.Build.0 = Release|Win32
		{B5FBACDD-F37B-4EDF-A754-F6FDBEF1230C}.Debug|x64.ActiveCfg = Debug|Win32
		{B5FBACDD-F37B-4EDF-A754-F6FDBEF1230C}.Debug|x86.ActiveCfg = Debug|Win32
		{B5FBACDD-F37B-4EDF-A754-F6FDBEF1230C}.Debug|x86.Build.0 = Debug|Win32
		{B5FBACDD-F37B-4EDF-A754-F6FDBEF1230C}.Release|x64.ActiveCfg = Release|Win32
		{B5FBACDD-F37B-4EDF-A754-F6FDBEF1230C}.Release|x86.ActiveCfg = Release|Win32
		{B5FBACDD-F37B-4EDF-A754-F6FDBEF1230C}.Release|x86.Build.0 = Release|Win32
		{F14D97CE-21DA-40AD-B464-3CCDAC096098}.Debug|x64.ActiveCfg = Debug|Win32
		{F14D97CE-21DA-40AD-B464-3CCDAC096098}.Debug|x86.ActiveCfg = Debug|Win32
		{F14D97CE-21DA-40AD-B464-3CCDAC096098}.Debug|x86.Build.0 = Debug|Win32
		{F14D97CE-21DA-40AD-B464-3CCDAC096098}.Release|x64.ActiveCfg = Release|Win32
		{F14D97CE-21DA-40AD-B464-3CCDAC096098}.Release|x86.ActiveCfg = Release|Win32
		{F14D97CE-21DA-40AD-B464-3CCDAC096098}.Release|x86.Build.0 = Release|Win32
		{AF73995D-F011-4F6F-8670-4F524D135A5F}.Debug|x64.ActiveCfg = Debug|Win32
		{AF73995D-F011-4F6F-8670-4F524D135A5F}.Debug|x86.ActiveCfg = Debug|Win32
		{AF73995D-F011-4F6F-8670-4F524D135A5F}.Debug|x86.Build.0 = Debug|Win32
		{AF73995D-F011-4F6F-8670-4F524D135A5F}.Release|x64.ActiveCfg = Release|Win32
		{AF73995D-F011-4F6F-8670-4F524D135A5F}.Release|x86.ActiveCfg = Release|Win32
		{AF73995D-F011-4F6F-8670-4F524D135A5F}.Release|x86.Build.0 = Release|Win32
		{E4E00369-1D25-48F6-A179-8367901EEF6A}.Debug|x64.ActiveCfg = Debug|Win32
		{E4E00369-1D25-48F6-A179-8367901EEF6A}.Debug|x86.ActiveCfg = Debug|Win32
		{E4E00369-1D25-48F6-A179-8367901EEF6A}.Debug|x86.Build.0 = Debug|Win32
		{E4E00369-1D25-48F6-A179-8367901EEF6A}.Release|x64.ActiveCfg = Release|Win32
		{E4E00369-1D25-48F6-A179-8367901EEF6A}.Release|x86.ActiveCfg = Release|Win32
		{E4E00369-1D25-48F6-A179-8367901EEF6A}.Release|x86.Build.0 = Release|Win32
		{BC5EA36E-49E9-4ED6-A082-F964BB72610E}.Debug|x64.ActiveCfg = Debug|Win32
		{BC5EA36E-49E9-4ED6-A082-F964BB72610E}.Debug|x86.ActiveCfg = Debug|Win32
		{BC5EA36E-49E9-4ED6-A082-F964BB72610E}.Debug|x86.Build.0 = Debug|Win32
		{BC5EA36E-49E9-4ED6-A082-F964BB72610E}.Release|x64.ActiveCfg = Release|Win32
		{BC5EA36E-49E9-4ED6-A082-F964BB72610E}.Release|x86.ActiveCfg = Release|Win32
		{BC5EA36E-49E9-4ED6-A082-F964BB72610E}.Release|x86.Build.0 = Release|Win32
	EndGlobalSection
	GlobalSection(SolutionProperties) = preSolution
		HideSolutionNode = FALSE
	EndGlobalSection
EndGlobal
